
Microsoft Visual Studio Solution File, Format Version 12.00
# Visual Studio 15
VisualStudioVersion = 15.0.27703.2018
MinimumVisualStudioVersion = 10.0.40219.1
Project("{FAE04EC0-301F-11D3-BF4B-00C04F79EFBC}") = "Dell.WPF", "Dell.WPF\Dell.WPF.csproj", "{ABCA587B-F37B-40C1-97B9-B18BEF48AE71}"
EndProject
Project("{9A19103F-16F7-4668-BE54-9A1E7A4F7556}") = "Dell.Common", "Dell.Common\Dell.Common.csproj", "{64D1BAD1-9B57-4246-914E-95FA3D09BD77}"
EndProject
Project("{9A19103F-16F7-4668-BE54-9A1E7A4F7556}") = "Dell.Data.Acces.Common", "Dell.Data.Acces.Common\Dell.Data.Acces.Common.csproj", "{6FE8D64B-FC3B-4344-80F5-38CB7901840F}"
EndProject
Project("{9A19103F-16F7-4668-BE54-9A1E7A4F7556}") = "Dell.Data.Entities", "Dell.Entities\Dell.Data.Entities.csproj", "{98A7B1B8-DCC8-49DC-9DAE-1BA433AD44A0}"
EndProject
Global
	GlobalSection(SolutionConfigurationPlatforms) = preSolution
		Debug|Any CPU = Debug|Any CPU
		Release|Any CPU = Release|Any CPU
	EndGlobalSection
	GlobalSection(ProjectConfigurationPlatforms) = postSolution
		{ABCA587B-F37B-40C1-97B9-B18BEF48AE71}.Debug|Any CPU.ActiveCfg = Debug|Any CPU
		{ABCA587B-F37B-40C1-97B9-B18BEF48AE71}.Debug|Any CPU.Build.0 = Debug|Any CPU
		{ABCA587B-F37B-40C1-97B9-B18BEF48AE71}.Release|Any CPU.ActiveCfg = Release|Any CPU
		{ABCA587B-F37B-40C1-97B9-B18BEF48AE71}.Release|Any CPU.Build.0 = Release|Any CPU
		{64D1BAD1-9B57-4246-914E-95FA3D09BD77}.Debug|Any CPU.ActiveCfg = Debug|Any CPU
		{64D1BAD1-9B57-4246-914E-95FA3D09BD77}.Debug|Any CPU.Build.0 = Debug|Any CPU
		{64D1BAD1-9B57-4246-914E-95FA3D09BD77}.Release|Any CPU.ActiveCfg = Release|Any CPU
		{64D1BAD1-9B57-4246-914E-95FA3D09BD77}.Release|Any CPU.Build.0 = Release|Any CPU
		{6FE8D64B-FC3B-4344-80F5-38CB7901840F}.Debug|Any CPU.ActiveCfg = Debug|Any CPU
		{6FE8D64B-FC3B-4344-80F5-38CB7901840F}.Debug|Any CPU.Build.0 = Debug|Any CPU
		{6FE8D64B-FC3B-4344-80F5-38CB7901840F}.Release|Any CPU.ActiveCfg = Release|Any CPU
		{6FE8D64B-FC3B-4344-80F5-38CB7901840F}.Release|Any CPU.Build.0 = Release|Any CPU
		{98A7B1B8-DCC8-49DC-9DAE-1BA433AD44A0}.Debug|Any CPU.ActiveCfg = Debug|Any CPU
		{98A7B1B8-DCC8-49DC-9DAE-1BA433AD44A0}.Debug|Any CPU.Build.0 = Debug|Any CPU
		{98A7B1B8-DCC8-49DC-9DAE-1BA433AD44A0}.Release|Any CPU.ActiveCfg = Release|Any CPU
		{98A7B1B8-DCC8-49DC-9DAE-1BA433AD44A0}.Release|Any CPU.Build.0 = Release|Any CPU
	EndGlobalSection
	GlobalSection(SolutionProperties) = preSolution
		HideSolutionNode = FALSE
	EndGlobalSection
	GlobalSection(ExtensibilityGlobals) = postSolution
		SolutionGuid = {6D8F8054-C386-4CD7-AA19-F8D8318BD746}
	EndGlobalSection
EndGlobal
